
Microsoft Visual Studio Solution File, Format Version 12.00
# Visual Studio 15
VisualStudioVersion = 15.0.27130.2024
MinimumVisualStudioVersion = 10.0.40219.1
Project("{FAE04EC0-301F-11D3-BF4B-00C04F79EFBC}") = "PhoneWord", "PhoneWord\PhoneWord.csproj", "{A04DC57C-D13F-426E-BDCB-066EF5EAF89A}"
EndProject
Global
	GlobalSection(SolutionConfigurationPlatforms) = preSolution
		Debug|Any CPU = Debug|Any CPU
		Release|Any CPU = Release|Any CPU
	EndGlobalSection
	GlobalSection(ProjectConfigurationPlatforms) = postSolution
		{A04DC57C-D13F-426E-BDCB-066EF5EAF89A}.Debug|Any CPU.ActiveCfg = Debug|Any CPU
		{A04DC57C-D13F-426E-BDCB-066EF5EAF89A}.Debug|Any CPU.Build.0 = Debug|Any CPU
		{A04DC57C-D13F-426E-BDCB-066EF5EAF89A}.Debug|Any CPU.Deploy.0 = Debug|Any CPU
		{A04DC57C-D13F-426E-BDCB-066EF5EAF89A}.Release|Any CPU.ActiveCfg = Release|Any CPU
		{A04DC57C-D13F-426E-BDCB-066EF5EAF89A}.Release|Any CPU.Build.0 = Release|Any CPU
		{A04DC57C-D13F-426E-BDCB-066EF5EAF89A}.Release|Any CPU.Deploy.0 = Release|Any CPU
	EndGlobalSection
	GlobalSection(SolutionProperties) = preSolution
		HideSolutionNode = FALSE
	EndGlobalSection
	GlobalSection(ExtensibilityGlobals) = postSolution
		SolutionGuid = {04955D7A-3CD4-41F1-8ACF-DC1D45910208}
	EndGlobalSection
EndGlobal
